
Microsoft Visual Studio Solution File, Format Version 12.00
# Visual Studio 2015
Project("{FAE04EC0-301F-11D3-BF4B-00C04F79EFBC}") = "Psilo Tests", "Psilo Tests.csproj", "{83F34EBE-A42F-ED76-2EC1-20C4139434DB}"
EndProject
Global
	GlobalSection(SolutionConfigurationPlatforms) = preSolution
		Debug|Any CPU = Debug|Any CPU
		Release|Any CPU = Release|Any CPU
	EndGlobalSection
	GlobalSection(ProjectConfigurationPlatforms) = postSolution
		{83F34EBE-A42F-ED76-2EC1-20C4139434DB}.Debug|Any CPU.ActiveCfg = Debug|Any CPU
		{83F34EBE-A42F-ED76-2EC1-20C4139434DB}.Debug|Any CPU.Build.0 = Debug|Any CPU
		{83F34EBE-A42F-ED76-2EC1-20C4139434DB}.Release|Any CPU.ActiveCfg = Release|Any CPU
		{83F34EBE-A42F-ED76-2EC1-20C4139434DB}.Release|Any CPU.Build.0 = Release|Any CPU
	EndGlobalSection
	GlobalSection(SolutionProperties) = preSolution
		HideSolutionNode = FALSE
	EndGlobalSection
EndGlobal
